
Microsoft Visual Studio Solution File, Format Version 12.00
# Visual Studio Version 17
VisualStudioVersion = 17.6.33829.357
MinimumVisualStudioVersion = 10.0.40219.1
Project("{9A19103F-16F7-4668-BE54-9A1E7A4F7556}") = "Openlabs.Mgcxm", "Openlabs.Mgcxm\Openlabs.Mgcxm.csproj", "{20B1BB41-6AC3-496E-B3D3-C4E6D57FD06D}"
EndProject
Project("{FAE04EC0-301F-11D3-BF4B-00C04F79EFBC}") = "Mgcxm.Test", "Mgcxm.Test\Mgcxm.Test.csproj", "{1920A2AD-9952-4F80-94C4-10A73B715FFA}"
EndProject
Global
	GlobalSection(SolutionConfigurationPlatforms) = preSolution
		Debug|Any CPU = Debug|Any CPU
		Release|Any CPU = Release|Any CPU
	EndGlobalSection
	GlobalSection(ProjectConfigurationPlatforms) = postSolution
		{20B1BB41-6AC3-496E-B3D3-C4E6D57FD06D}.Debug|Any CPU.ActiveCfg = Debug|Any CPU
		{20B1BB41-6AC3-496E-B3D3-C4E6D57FD06D}.Debug|Any CPU.Build.0 = Debug|Any CPU
		{20B1BB41-6AC3-496E-B3D3-C4E6D57FD06D}.Release|Any CPU.ActiveCfg = Release|Any CPU
		{20B1BB41-6AC3-496E-B3D3-C4E6D57FD06D}.Release|Any CPU.Build.0 = Release|Any CPU
		{1920A2AD-9952-4F80-94C4-10A73B715FFA}.Debug|Any CPU.ActiveCfg = Debug|Any CPU
		{1920A2AD-9952-4F80-94C4-10A73B715FFA}.Debug|Any CPU.Build.0 = Debug|Any CPU
		{1920A2AD-9952-4F80-94C4-10A73B715FFA}.Release|Any CPU.ActiveCfg = Release|Any CPU
		{1920A2AD-9952-4F80-94C4-10A73B715FFA}.Release|Any CPU.Build.0 = Release|Any CPU
	EndGlobalSection
	GlobalSection(SolutionProperties) = preSolution
		HideSolutionNode = FALSE
	EndGlobalSection
	GlobalSection(ExtensibilityGlobals) = postSolution
		SolutionGuid = {E00EFE10-562C-457E-9E5C-598FC9C10387}
	EndGlobalSection
EndGlobal
