
Microsoft Visual Studio Solution File, Format Version 12.00
Project("{FAE04EC0-301F-11D3-BF4B-00C04F79EFBC}") = "Openlabs.Mgcxm", "Openlabs.Mgcxm\Openlabs.Mgcxm.csproj", "{20B1BB41-6AC3-496E-B3D3-C4E6D57FD06D}"
EndProject
Project("{FAE04EC0-301F-11D3-BF4B-00C04F79EFBC}") = "Openlabs.Mgcxm.Tests", "Openlabs.Mgcxm.Tests\Openlabs.Mgcxm.Tests.csproj", "{2FB68B4A-61CE-433F-902A-23E831954E6C}"
EndProject
Global
	GlobalSection(SolutionConfigurationPlatforms) = preSolution
		Debug|Any CPU = Debug|Any CPU
		Release|Any CPU = Release|Any CPU
	EndGlobalSection
	GlobalSection(ProjectConfigurationPlatforms) = postSolution
		{20B1BB41-6AC3-496E-B3D3-C4E6D57FD06D}.Debug|Any CPU.ActiveCfg = Debug|Any CPU
		{20B1BB41-6AC3-496E-B3D3-C4E6D57FD06D}.Debug|Any CPU.Build.0 = Debug|Any CPU
		{20B1BB41-6AC3-496E-B3D3-C4E6D57FD06D}.Release|Any CPU.ActiveCfg = Release|Any CPU
		{20B1BB41-6AC3-496E-B3D3-C4E6D57FD06D}.Release|Any CPU.Build.0 = Release|Any CPU
		{2FB68B4A-61CE-433F-902A-23E831954E6C}.Debug|Any CPU.ActiveCfg = Debug|Any CPU
		{2FB68B4A-61CE-433F-902A-23E831954E6C}.Debug|Any CPU.Build.0 = Debug|Any CPU
		{2FB68B4A-61CE-433F-902A-23E831954E6C}.Release|Any CPU.ActiveCfg = Release|Any CPU
		{2FB68B4A-61CE-433F-902A-23E831954E6C}.Release|Any CPU.Build.0 = Release|Any CPU
	EndGlobalSection
EndGlobal
